
Microsoft Visual Studio Solution File, Format Version 12.00
# Visual Studio 15
VisualStudioVersion = 15.0.28307.489
MinimumVisualStudioVersion = 10.0.40219.1
Project("{FAE04EC0-301F-11D3-BF4B-00C04F79EFBC}") = "Listas.Android", "Listas\Listas.Android\Listas.Android.csproj", "{956F49CA-95AA-43D4-BD9C-0DCB5053159F}"
EndProject
Project("{FAE04EC0-301F-11D3-BF4B-00C04F79EFBC}") = "Listas.iOS", "Listas\Listas.iOS\Listas.iOS.csproj", "{123692C7-1D19-4AA2-9897-D67B9C0E8118}"
EndProject
Project("{FAE04EC0-301F-11D3-BF4B-00C04F79EFBC}") = "Listas", "Listas\Listas\Listas.csproj", "{8E4863C8-0AAD-453A-B023-57435D79FD2C}"
EndProject
Global
	GlobalSection(SolutionConfigurationPlatforms) = preSolution
		Ad-Hoc|Any CPU = Ad-Hoc|Any CPU
		Ad-Hoc|iPhone = Ad-Hoc|iPhone
		Ad-Hoc|iPhoneSimulator = Ad-Hoc|iPhoneSimulator
		AppStore|Any CPU = AppStore|Any CPU
		AppStore|iPhone = AppStore|iPhone
		AppStore|iPhoneSimulator = AppStore|iPhoneSimulator
		Debug|Any CPU = Debug|Any CPU
		Debug|iPhone = Debug|iPhone
		Debug|iPhoneSimulator = Debug|iPhoneSimulator
		Release|Any CPU = Release|Any CPU
		Release|iPhone = Release|iPhone
		Release|iPhoneSimulator = Release|iPhoneSimulator
	EndGlobalSection
	GlobalSection(ProjectConfigurationPlatforms) = postSolution
		{956F49CA-95AA-43D4-BD9C-0DCB5053159F}.Ad-Hoc|Any CPU.ActiveCfg = Release|Any CPU
		{956F49CA-95AA-43D4-BD9C-0DCB5053159F}.Ad-Hoc|Any CPU.Build.0 = Release|Any CPU
		{956F49CA-95AA-43D4-BD9C-0DCB5053159F}.Ad-Hoc|Any CPU.Deploy.0 = Release|Any CPU
		{956F49CA-95AA-43D4-BD9C-0DCB5053159F}.Ad-Hoc|iPhone.ActiveCfg = Release|Any CPU
		{956F49CA-95AA-43D4-BD9C-0DCB5053159F}.Ad-Hoc|iPhone.Build.0 = Release|Any CPU
		{956F49CA-95AA-43D4-BD9C-0DCB5053159F}.Ad-Hoc|iPhone.Deploy.0 = Release|Any CPU
		{956F49CA-95AA-43D4-BD9C-0DCB5053159F}.Ad-Hoc|iPhoneSimulator.ActiveCfg = Release|Any CPU
		{956F49CA-95AA-43D4-BD9C-0DCB5053159F}.Ad-Hoc|iPhoneSimulator.Build.0 = Release|Any CPU
		{956F49CA-95AA-43D4-BD9C-0DCB5053159F}.Ad-Hoc|iPhoneSimulator.Deploy.0 = Release|Any CPU
		{956F49CA-95AA-43D4-BD9C-0DCB5053159F}.AppStore|Any CPU.ActiveCfg = Release|Any CPU
		{956F49CA-95AA-43D4-BD9C-0DCB5053159F}.AppStore|Any CPU.Build.0 = Release|Any CPU
		{956F49CA-95AA-43D4-BD9C-0DCB5053159F}.AppStore|Any CPU.Deploy.0 = Release|Any CPU
		{956F49CA-95AA-43D4-BD9C-0DCB5053159F}.AppStore|iPhone.ActiveCfg = Release|Any CPU
		{956F49CA-95AA-43D4-BD9C-0DCB5053159F}.AppStore|iPhone.Build.0 = Release|Any CPU
		{956F49CA-95AA-43D4-BD9C-0DCB5053159F}.AppStore|iPhone.Deploy.0 = Release|Any CPU
		{956F49CA-95AA-43D4-BD9C-0DCB5053159F}.AppStore|iPhoneSimulator.ActiveCfg = Release|Any CPU
		{956F49CA-95AA-43D4-BD9C-0DCB5053159F}.AppStore|iPhoneSimulator.Build.0 = Release|Any CPU
		{956F49CA-95AA-43D4-BD9C-0DCB5053159F}.AppStore|iPhoneSimulator.Deploy.0 = Release|Any CPU
		{956F49CA-95AA-43D4-BD9C-0DCB5053159F}.Debug|Any CPU.ActiveCfg = Debug|Any CPU
		{956F49CA-95AA-43D4-BD9C-0DCB5053159F}.Debug|Any CPU.Build.0 = Debug|Any CPU
		{956F49CA-95AA-43D4-BD9C-0DCB5053159F}.Debug|Any CPU.Deploy.0 = Debug|Any CPU
		{956F49CA-95AA-43D4-BD9C-0DCB5053159F}.Debug|iPhone.ActiveCfg = Debug|Any CPU
		{956F49CA-95AA-43D4-BD9C-0DCB5053159F}.Debug|iPhone.Build.0 = Debug|Any CPU
		{956F49CA-95AA-43D4-BD9C-0DCB5053159F}.Debug|iPhone.Deploy.0 = Debug|Any CPU
		{956F49CA-95AA-43D4-BD9C-0DCB5053159F}.Debug|iPhoneSimulator.ActiveCfg = Debug|Any CPU
		{956F49CA-95AA-43D4-BD9C-0DCB5053159F}.Debug|iPhoneSimulator.Build.0 = Debug|Any CPU
		{956F49CA-95AA-43D4-BD9C-0DCB5053159F}.Debug|iPhoneSimulator.Deploy.0 = Debug|Any CPU
		{956F49CA-95AA-43D4-BD9C-0DCB5053159F}.Release|Any CPU.ActiveCfg = Release|Any CPU
		{956F49CA-95AA-43D4-BD9C-0DCB5053159F}.Release|Any CPU.Build.0 = Release|Any CPU
		{956F49CA-95AA-43D4-BD9C-0DCB5053159F}.Release|Any CPU.Deploy.0 = Release|Any CPU
		{956F49CA-95AA-43D4-BD9C-0DCB5053159F}.Release|iPhone.ActiveCfg = Release|Any CPU
		{956F49CA-95AA-43D4-BD9C-0DCB5053159F}.Release|iPhone.Build.0 = Release|Any CPU
		{956F49CA-95AA-43D4-BD9C-0DCB5053159F}.Release|iPhone.Deploy.0 = Release|Any CPU
		{956F49CA-95AA-43D4-BD9C-0DCB5053159F}.Release|iPhoneSimulator.ActiveCfg = Release|Any CPU
		{956F49CA-95AA-43D4-BD9C-0DCB5053159F}.Release|iPhoneSimulator.Build.0 = Release|Any CPU
		{956F49CA-95AA-43D4-BD9C-0DCB5053159F}.Release|iPhoneSimulator.Deploy.0 = Release|Any CPU
		{123692C7-1D19-4AA2-9897-D67B9C0E8118}.Ad-Hoc|Any CPU.ActiveCfg = Ad-Hoc|iPhone
		{123692C7-1D19-4AA2-9897-D67B9C0E8118}.Ad-Hoc|Any CPU.Build.0 = Ad-Hoc|iPhone
		{123692C7-1D19-4AA2-9897-D67B9C0E8118}.Ad-Hoc|Any CPU.Deploy.0 = Ad-Hoc|iPhone
		{123692C7-1D19-4AA2-9897-D67B9C0E8118}.Ad-Hoc|iPhone.ActiveCfg = Ad-Hoc|iPhone
		{123692C7-1D19-4AA2-9897-D67B9C0E8118}.Ad-Hoc|iPhone.Build.0 = Ad-Hoc|iPhone
		{123692C7-1D19-4AA2-9897-D67B9C0E8118}.Ad-Hoc|iPhone.Deploy.0 = Ad-Hoc|iPhone
		{123692C7-1D19-4AA2-9897-D67B9C0E8118}.Ad-Hoc|iPhoneSimulator.ActiveCfg = Ad-Hoc|iPhoneSimulator
		{123692C7-1D19-4AA2-9897-D67B9C0E8118}.Ad-Hoc|iPhoneSimulator.Build.0 = Ad-Hoc|iPhoneSimulator
		{123692C7-1D19-4AA2-9897-D67B9C0E8118}.Ad-Hoc|iPhoneSimulator.Deploy.0 = Ad-Hoc|iPhoneSimulator
		{123692C7-1D19-4AA2-9897-D67B9C0E8118}.AppStore|Any CPU.ActiveCfg = AppStore|iPhone
		{123692C7-1D19-4AA2-9897-D67B9C0E8118}.AppStore|Any CPU.Build.0 = AppStore|iPhone
		{123692C7-1D19-4AA2-9897-D67B9C0E8118}.AppStore|Any CPU.Deploy.0 = AppStore|iPhone
		{123692C7-1D19-4AA2-9897-D67B9C0E8118}.AppStore|iPhone.ActiveCfg = AppStore|iPhone
		{123692C7-1D19-4AA2-9897-D67B9C0E8118}.AppStore|iPhone.Build.0 = AppStore|iPhone
		{123692C7-1D19-4AA2-9897-D67B9C0E8118}.AppStore|iPhone.Deploy.0 = AppStore|iPhone
		{123692C7-1D19-4AA2-9897-D67B9C0E8118}.AppStore|iPhoneSimulator.ActiveCfg = AppStore|iPhoneSimulator
		{123692C7-1D19-4AA2-9897-D67B9C0E8118}.AppStore|iPhoneSimulator.Build.0 = AppStore|iPhoneSimulator
		{123692C7-1D19-4AA2-9897-D67B9C0E8118}.AppStore|iPhoneSimulator.Deploy.0 = AppStore|iPhoneSimulator
		{123692C7-1D19-4AA2-9897-D67B9C0E8118}.Debug|Any CPU.ActiveCfg = Debug|iPhoneSimulator
		{123692C7-1D19-4AA2-9897-D67B9C0E8118}.Debug|Any CPU.Build.0 = Debug|iPhoneSimulator
		{123692C7-1D19-4AA2-9897-D67B9C0E8118}.Debug|Any CPU.Deploy.0 = Debug|iPhoneSimulator
		{123692C7-1D19-4AA2-9897-D67B9C0E8118}.Debug|iPhone.ActiveCfg = Debug|iPhone
		{123692C7-1D19-4AA2-9897-D67B9C0E8118}.Debug|iPhone.Build.0 = Debug|iPhone
		{123692C7-1D19-4AA2-9897-D67B9C0E8118}.Debug|iPhone.Deploy.0 = Debug|iPhone
		{123692C7-1D19-4AA2-9897-D67B9C0E8118}.Debug|iPhoneSimulator.ActiveCfg = Debug|iPhoneSimulator
		{123692C7-1D19-4AA2-9897-D67B9C0E8118}.Debug|iPhoneSimulator.Build.0 = Debug|iPhoneSimulator
		{123692C7-1D19-4AA2-9897-D67B9C0E8118}.Debug|iPhoneSimulator.Deploy.0 = Debug|iPhoneSimulator
		{123692C7-1D19-4AA2-9897-D67B9C0E8118}.Release|Any CPU.ActiveCfg = Release|iPhone
		{123692C7-1D19-4AA2-9897-D67B9C0E8118}.Release|Any CPU.Build.0 = Release|iPhone
		{123692C7-1D19-4AA2-9897-D67B9C0E8118}.Release|Any CPU.Deploy.0 = Release|iPhone
		{123692C7-1D19-4AA2-9897-D67B9C0E8118}.Release|iPhone.ActiveCfg = Release|iPhone
		{123692C7-1D19-4AA2-9897-D67B9C0E8118}.Release|iPhone.Build.0 = Release|iPhone
		{123692C7-1D19-4AA2-9897-D67B9C0E8118}.Release|iPhone.Deploy.0 = Release|iPhone
		{123692C7-1D19-4AA2-9897-D67B9C0E8118}.Release|iPhoneSimulator.ActiveCfg = Release|iPhoneSimulator
		{123692C7-1D19-4AA2-9897-D67B9C0E8118}.Release|iPhoneSimulator.Build.0 = Release|iPhoneSimulator
		{123692C7-1D19-4AA2-9897-D67B9C0E8118}.Release|iPhoneSimulator.Deploy.0 = Release|iPhoneSimulator
		{8E4863C8-0AAD-453A-B023-57435D79FD2C}.Ad-Hoc|Any CPU.ActiveCfg = Debug|Any CPU
		{8E4863C8-0AAD-453A-B023-57435D79FD2C}.Ad-Hoc|Any CPU.Build.0 = Debug|Any CPU
		{8E4863C8-0AAD-453A-B023-57435D79FD2C}.Ad-Hoc|Any CPU.Deploy.0 = Debug|Any CPU
		{8E4863C8-0AAD-453A-B023-57435D79FD2C}.Ad-Hoc|iPhone.ActiveCfg = Debug|Any CPU
		{8E4863C8-0AAD-453A-B023-57435D79FD2C}.Ad-Hoc|iPhone.Build.0 = Debug|Any CPU
		{8E4863C8-0AAD-453A-B023-57435D79FD2C}.Ad-Hoc|iPhone.Deploy.0 = Debug|Any CPU
		{8E4863C8-0AAD-453A-B023-57435D79FD2C}.Ad-Hoc|iPhoneSimulator.ActiveCfg = Debug|Any CPU
		{8E4863C8-0AAD-453A-B023-57435D79FD2C}.Ad-Hoc|iPhoneSimulator.Build.0 = Debug|Any CPU
		{8E4863C8-0AAD-453A-B023-57435D79FD2C}.Ad-Hoc|iPhoneSimulator.Deploy.0 = Debug|Any CPU
		{8E4863C8-0AAD-453A-B023-57435D79FD2C}.AppStore|Any CPU.ActiveCfg = Debug|Any CPU
		{8E4863C8-0AAD-453A-B023-57435D79FD2C}.AppStore|Any CPU.Build.0 = Debug|Any CPU
		{8E4863C8-0AAD-453A-B023-57435D79FD2C}.AppStore|Any CPU.Deploy.0 = Debug|Any CPU
		{8E4863C8-0AAD-453A-B023-57435D79FD2C}.AppStore|iPhone.ActiveCfg = Debug|Any CPU
		{8E4863C8-0AAD-453A-B023-57435D79FD2C}.AppStore|iPhone.Build.0 = Debug|Any CPU
		{8E4863C8-0AAD-453A-B023-57435D79FD2C}.AppStore|iPhone.Deploy.0 = Debug|Any CPU
		{8E4863C8-0AAD-453A-B023-57435D79FD2C}.AppStore|iPhoneSimulator.ActiveCfg = Debug|Any CPU
		{8E4863C8-0AAD-453A-B023-57435D79FD2C}.AppStore|iPhoneSimulator.Build.0 = Debug|Any CPU
		{8E4863C8-0AAD-453A-B023-57435D79FD2C}.AppStore|iPhoneSimulator.Deploy.0 = Debug|Any CPU
		{8E4863C8-0AAD-453A-B023-57435D79FD2C}.Debug|Any CPU.ActiveCfg = Debug|Any CPU
		{8E4863C8-0AAD-453A-B023-57435D79FD2C}.Debug|Any CPU.Build.0 = Debug|Any CPU
		{8E4863C8-0AAD-453A-B023-57435D79FD2C}.Debug|Any CPU.Deploy.0 = Debug|Any CPU
		{8E4863C8-0AAD-453A-B023-57435D79FD2C}.Debug|iPhone.ActiveCfg = Debug|Any CPU
		{8E4863C8-0AAD-453A-B023-57435D79FD2C}.Debug|iPhone.Build.0 = Debug|Any CPU
		{8E4863C8-0AAD-453A-B023-57435D79FD2C}.Debug|iPhone.Deploy.0 = Debug|Any CPU
		{8E4863C8-0AAD-453A-B023-57435D79FD2C}.Debug|iPhoneSimulator.ActiveCfg = Debug|Any CPU
		{8E4863C8-0AAD-453A-B023-57435D79FD2C}.Debug|iPhoneSimulator.Build.0 = Debug|Any CPU
		{8E4863C8-0AAD-453A-B023-57435D79FD2C}.Debug|iPhoneSimulator.Deploy.0 = Debug|Any CPU
		{8E4863C8-0AAD-453A-B023-57435D79FD2C}.Release|Any CPU.ActiveCfg = Release|Any CPU
		{8E4863C8-0AAD-453A-B023-57435D79FD2C}.Release|Any CPU.Build.0 = Release|Any CPU
		{8E4863C8-0AAD-453A-B023-57435D79FD2C}.Release|Any CPU.Deploy.0 = Release|Any CPU
		{8E4863C8-0AAD-453A-B023-57435D79FD2C}.Release|iPhone.ActiveCfg = Release|Any CPU
		{8E4863C8-0AAD-453A-B023-57435D79FD2C}.Release|iPhone.Build.0 = Release|Any CPU
		{8E4863C8-0AAD-453A-B023-57435D79FD2C}.Release|iPhone.Deploy.0 = Release|Any CPU
		{8E4863C8-0AAD-453A-B023-57435D79FD2C}.Release|iPhoneSimulator.ActiveCfg = Release|Any CPU
		{8E4863C8-0AAD-453A-B023-57435D79FD2C}.Release|iPhoneSimulator.Build.0 = Release|Any CPU
		{8E4863C8-0AAD-453A-B023-57435D79FD2C}.Release|iPhoneSimulator.Deploy.0 = Release|Any CPU
	EndGlobalSection
	GlobalSection(SolutionProperties) = preSolution
		HideSolutionNode = FALSE
	EndGlobalSection
	GlobalSection(ExtensibilityGlobals) = postSolution
		SolutionGuid = {C50BB857-87F0-4918-BDB4-3BC48E72C777}
	EndGlobalSection
EndGlobal
