
Microsoft Visual Studio Solution File, Format Version 12.00
# Visual Studio 15
VisualStudioVersion = 15.0.28307.271
MinimumVisualStudioVersion = 10.0.40219.1
Project("{FAE04EC0-301F-11D3-BF4B-00C04F79EFBC}") = "Ejercicio2.Android", "Ejercicio2\Ejercicio2.Android\Ejercicio2.Android.csproj", "{F61959A7-ED2E-4F3F-94C3-E7097B0A08C9}"
EndProject
Project("{FAE04EC0-301F-11D3-BF4B-00C04F79EFBC}") = "Ejercicio2.iOS", "Ejercicio2\Ejercicio2.iOS\Ejercicio2.iOS.csproj", "{FB1D0FFA-D434-4E4F-88ED-346A8BA8BCC5}"
EndProject
Project("{9A19103F-16F7-4668-BE54-9A1E7A4F7556}") = "Ejercicio2", "Ejercicio2\Ejercicio2\Ejercicio2.csproj", "{86EA8749-E18D-4A7D-8E9E-BF24B4F7CD29}"
EndProject
Global
	GlobalSection(SolutionConfigurationPlatforms) = preSolution
		Ad-Hoc|Any CPU = Ad-Hoc|Any CPU
		Ad-Hoc|iPhone = Ad-Hoc|iPhone
		Ad-Hoc|iPhoneSimulator = Ad-Hoc|iPhoneSimulator
		AppStore|Any CPU = AppStore|Any CPU
		AppStore|iPhone = AppStore|iPhone
		AppStore|iPhoneSimulator = AppStore|iPhoneSimulator
		Debug|Any CPU = Debug|Any CPU
		Debug|iPhone = Debug|iPhone
		Debug|iPhoneSimulator = Debug|iPhoneSimulator
		Release|Any CPU = Release|Any CPU
		Release|iPhone = Release|iPhone
		Release|iPhoneSimulator = Release|iPhoneSimulator
	EndGlobalSection
	GlobalSection(ProjectConfigurationPlatforms) = postSolution
		{F61959A7-ED2E-4F3F-94C3-E7097B0A08C9}.Ad-Hoc|Any CPU.ActiveCfg = Release|Any CPU
		{F61959A7-ED2E-4F3F-94C3-E7097B0A08C9}.Ad-Hoc|Any CPU.Build.0 = Release|Any CPU
		{F61959A7-ED2E-4F3F-94C3-E7097B0A08C9}.Ad-Hoc|Any CPU.Deploy.0 = Release|Any CPU
		{F61959A7-ED2E-4F3F-94C3-E7097B0A08C9}.Ad-Hoc|iPhone.ActiveCfg = Release|Any CPU
		{F61959A7-ED2E-4F3F-94C3-E7097B0A08C9}.Ad-Hoc|iPhone.Build.0 = Release|Any CPU
		{F61959A7-ED2E-4F3F-94C3-E7097B0A08C9}.Ad-Hoc|iPhone.Deploy.0 = Release|Any CPU
		{F61959A7-ED2E-4F3F-94C3-E7097B0A08C9}.Ad-Hoc|iPhoneSimulator.ActiveCfg = Release|Any CPU
		{F61959A7-ED2E-4F3F-94C3-E7097B0A08C9}.Ad-Hoc|iPhoneSimulator.Build.0 = Release|Any CPU
		{F61959A7-ED2E-4F3F-94C3-E7097B0A08C9}.Ad-Hoc|iPhoneSimulator.Deploy.0 = Release|Any CPU
		{F61959A7-ED2E-4F3F-94C3-E7097B0A08C9}.AppStore|Any CPU.ActiveCfg = Release|Any CPU
		{F61959A7-ED2E-4F3F-94C3-E7097B0A08C9}.AppStore|Any CPU.Build.0 = Release|Any CPU
		{F61959A7-ED2E-4F3F-94C3-E7097B0A08C9}.AppStore|Any CPU.Deploy.0 = Release|Any CPU
		{F61959A7-ED2E-4F3F-94C3-E7097B0A08C9}.AppStore|iPhone.ActiveCfg = Release|Any CPU
		{F61959A7-ED2E-4F3F-94C3-E7097B0A08C9}.AppStore|iPhone.Build.0 = Release|Any CPU
		{F61959A7-ED2E-4F3F-94C3-E7097B0A08C9}.AppStore|iPhone.Deploy.0 = Release|Any CPU
		{F61959A7-ED2E-4F3F-94C3-E7097B0A08C9}.AppStore|iPhoneSimulator.ActiveCfg = Release|Any CPU
		{F61959A7-ED2E-4F3F-94C3-E7097B0A08C9}.AppStore|iPhoneSimulator.Build.0 = Release|Any CPU
		{F61959A7-ED2E-4F3F-94C3-E7097B0A08C9}.AppStore|iPhoneSimulator.Deploy.0 = Release|Any CPU
		{F61959A7-ED2E-4F3F-94C3-E7097B0A08C9}.Debug|Any CPU.ActiveCfg = Debug|Any CPU
		{F61959A7-ED2E-4F3F-94C3-E7097B0A08C9}.Debug|Any CPU.Build.0 = Debug|Any CPU
		{F61959A7-ED2E-4F3F-94C3-E7097B0A08C9}.Debug|Any CPU.Deploy.0 = Debug|Any CPU
		{F61959A7-ED2E-4F3F-94C3-E7097B0A08C9}.Debug|iPhone.ActiveCfg = Debug|Any CPU
		{F61959A7-ED2E-4F3F-94C3-E7097B0A08C9}.Debug|iPhone.Build.0 = Debug|Any CPU
		{F61959A7-ED2E-4F3F-94C3-E7097B0A08C9}.Debug|iPhone.Deploy.0 = Debug|Any CPU
		{F61959A7-ED2E-4F3F-94C3-E7097B0A08C9}.Debug|iPhoneSimulator.ActiveCfg = Debug|Any CPU
		{F61959A7-ED2E-4F3F-94C3-E7097B0A08C9}.Debug|iPhoneSimulator.Build.0 = Debug|Any CPU
		{F61959A7-ED2E-4F3F-94C3-E7097B0A08C9}.Debug|iPhoneSimulator.Deploy.0 = Debug|Any CPU
		{F61959A7-ED2E-4F3F-94C3-E7097B0A08C9}.Release|Any CPU.ActiveCfg = Release|Any CPU
		{F61959A7-ED2E-4F3F-94C3-E7097B0A08C9}.Release|Any CPU.Build.0 = Release|Any CPU
		{F61959A7-ED2E-4F3F-94C3-E7097B0A08C9}.Release|Any CPU.Deploy.0 = Release|Any CPU
		{F61959A7-ED2E-4F3F-94C3-E7097B0A08C9}.Release|iPhone.ActiveCfg = Release|Any CPU
		{F61959A7-ED2E-4F3F-94C3-E7097B0A08C9}.Release|iPhone.Build.0 = Release|Any CPU
		{F61959A7-ED2E-4F3F-94C3-E7097B0A08C9}.Release|iPhone.Deploy.0 = Release|Any CPU
		{F61959A7-ED2E-4F3F-94C3-E7097B0A08C9}.Release|iPhoneSimulator.ActiveCfg = Release|Any CPU
		{F61959A7-ED2E-4F3F-94C3-E7097B0A08C9}.Release|iPhoneSimulator.Build.0 = Release|Any CPU
		{F61959A7-ED2E-4F3F-94C3-E7097B0A08C9}.Release|iPhoneSimulator.Deploy.0 = Release|Any CPU
		{FB1D0FFA-D434-4E4F-88ED-346A8BA8BCC5}.Ad-Hoc|Any CPU.ActiveCfg = Ad-Hoc|iPhone
		{FB1D0FFA-D434-4E4F-88ED-346A8BA8BCC5}.Ad-Hoc|Any CPU.Build.0 = Ad-Hoc|iPhone
		{FB1D0FFA-D434-4E4F-88ED-346A8BA8BCC5}.Ad-Hoc|Any CPU.Deploy.0 = Ad-Hoc|iPhone
		{FB1D0FFA-D434-4E4F-88ED-346A8BA8BCC5}.Ad-Hoc|iPhone.ActiveCfg = Ad-Hoc|iPhone
		{FB1D0FFA-D434-4E4F-88ED-346A8BA8BCC5}.Ad-Hoc|iPhone.Build.0 = Ad-Hoc|iPhone
		{FB1D0FFA-D434-4E4F-88ED-346A8BA8BCC5}.Ad-Hoc|iPhone.Deploy.0 = Ad-Hoc|iPhone
		{FB1D0FFA-D434-4E4F-88ED-346A8BA8BCC5}.Ad-Hoc|iPhoneSimulator.ActiveCfg = Ad-Hoc|iPhoneSimulator
		{FB1D0FFA-D434-4E4F-88ED-346A8BA8BCC5}.Ad-Hoc|iPhoneSimulator.Build.0 = Ad-Hoc|iPhoneSimulator
		{FB1D0FFA-D434-4E4F-88ED-346A8BA8BCC5}.Ad-Hoc|iPhoneSimulator.Deploy.0 = Ad-Hoc|iPhoneSimulator
		{FB1D0FFA-D434-4E4F-88ED-346A8BA8BCC5}.AppStore|Any CPU.ActiveCfg = AppStore|iPhone
		{FB1D0FFA-D434-4E4F-88ED-346A8BA8BCC5}.AppStore|Any CPU.Build.0 = AppStore|iPhone
		{FB1D0FFA-D434-4E4F-88ED-346A8BA8BCC5}.AppStore|Any CPU.Deploy.0 = AppStore|iPhone
		{FB1D0FFA-D434-4E4F-88ED-346A8BA8BCC5}.AppStore|iPhone.ActiveCfg = AppStore|iPhone
		{FB1D0FFA-D434-4E4F-88ED-346A8BA8BCC5}.AppStore|iPhone.Build.0 = AppStore|iPhone
		{FB1D0FFA-D434-4E4F-88ED-346A8BA8BCC5}.AppStore|iPhone.Deploy.0 = AppStore|iPhone
		{FB1D0FFA-D434-4E4F-88ED-346A8BA8BCC5}.AppStore|iPhoneSimulator.ActiveCfg = AppStore|iPhoneSimulator
		{FB1D0FFA-D434-4E4F-88ED-346A8BA8BCC5}.AppStore|iPhoneSimulator.Build.0 = AppStore|iPhoneSimulator
		{FB1D0FFA-D434-4E4F-88ED-346A8BA8BCC5}.AppStore|iPhoneSimulator.Deploy.0 = AppStore|iPhoneSimulator
		{FB1D0FFA-D434-4E4F-88ED-346A8BA8BCC5}.Debug|Any CPU.ActiveCfg = Debug|iPhoneSimulator
		{FB1D0FFA-D434-4E4F-88ED-346A8BA8BCC5}.Debug|Any CPU.Build.0 = Debug|iPhoneSimulator
		{FB1D0FFA-D434-4E4F-88ED-346A8BA8BCC5}.Debug|Any CPU.Deploy.0 = Debug|iPhoneSimulator
		{FB1D0FFA-D434-4E4F-88ED-346A8BA8BCC5}.Debug|iPhone.ActiveCfg = Debug|iPhone
		{FB1D0FFA-D434-4E4F-88ED-346A8BA8BCC5}.Debug|iPhone.Build.0 = Debug|iPhone
		{FB1D0FFA-D434-4E4F-88ED-346A8BA8BCC5}.Debug|iPhone.Deploy.0 = Debug|iPhone
		{FB1D0FFA-D434-4E4F-88ED-346A8BA8BCC5}.Debug|iPhoneSimulator.ActiveCfg = Debug|iPhoneSimulator
		{FB1D0FFA-D434-4E4F-88ED-346A8BA8BCC5}.Debug|iPhoneSimulator.Build.0 = Debug|iPhoneSimulator
		{FB1D0FFA-D434-4E4F-88ED-346A8BA8BCC5}.Debug|iPhoneSimulator.Deploy.0 = Debug|iPhoneSimulator
		{FB1D0FFA-D434-4E4F-88ED-346A8BA8BCC5}.Release|Any CPU.ActiveCfg = Release|iPhone
		{FB1D0FFA-D434-4E4F-88ED-346A8BA8BCC5}.Release|Any CPU.Build.0 = Release|iPhone
		{FB1D0FFA-D434-4E4F-88ED-346A8BA8BCC5}.Release|Any CPU.Deploy.0 = Release|iPhone
		{FB1D0FFA-D434-4E4F-88ED-346A8BA8BCC5}.Release|iPhone.ActiveCfg = Release|iPhone
		{FB1D0FFA-D434-4E4F-88ED-346A8BA8BCC5}.Release|iPhone.Build.0 = Release|iPhone
		{FB1D0FFA-D434-4E4F-88ED-346A8BA8BCC5}.Release|iPhone.Deploy.0 = Release|iPhone
		{FB1D0FFA-D434-4E4F-88ED-346A8BA8BCC5}.Release|iPhoneSimulator.ActiveCfg = Release|iPhoneSimulator
		{FB1D0FFA-D434-4E4F-88ED-346A8BA8BCC5}.Release|iPhoneSimulator.Build.0 = Release|iPhoneSimulator
		{FB1D0FFA-D434-4E4F-88ED-346A8BA8BCC5}.Release|iPhoneSimulator.Deploy.0 = Release|iPhoneSimulator
		{86EA8749-E18D-4A7D-8E9E-BF24B4F7CD29}.Ad-Hoc|Any CPU.ActiveCfg = Debug|Any CPU
		{86EA8749-E18D-4A7D-8E9E-BF24B4F7CD29}.Ad-Hoc|Any CPU.Build.0 = Debug|Any CPU
		{86EA8749-E18D-4A7D-8E9E-BF24B4F7CD29}.Ad-Hoc|Any CPU.Deploy.0 = Debug|Any CPU
		{86EA8749-E18D-4A7D-8E9E-BF24B4F7CD29}.Ad-Hoc|iPhone.ActiveCfg = Debug|Any CPU
		{86EA8749-E18D-4A7D-8E9E-BF24B4F7CD29}.Ad-Hoc|iPhone.Build.0 = Debug|Any CPU
		{86EA8749-E18D-4A7D-8E9E-BF24B4F7CD29}.Ad-Hoc|iPhone.Deploy.0 = Debug|Any CPU
		{86EA8749-E18D-4A7D-8E9E-BF24B4F7CD29}.Ad-Hoc|iPhoneSimulator.ActiveCfg = Debug|Any CPU
		{86EA8749-E18D-4A7D-8E9E-BF24B4F7CD29}.Ad-Hoc|iPhoneSimulator.Build.0 = Debug|Any CPU
		{86EA8749-E18D-4A7D-8E9E-BF24B4F7CD29}.Ad-Hoc|iPhoneSimulator.Deploy.0 = Debug|Any CPU
		{86EA8749-E18D-4A7D-8E9E-BF24B4F7CD29}.AppStore|Any CPU.ActiveCfg = Debug|Any CPU
		{86EA8749-E18D-4A7D-8E9E-BF24B4F7CD29}.AppStore|Any CPU.Build.0 = Debug|Any CPU
		{86EA8749-E18D-4A7D-8E9E-BF24B4F7CD29}.AppStore|Any CPU.Deploy.0 = Debug|Any CPU
		{86EA8749-E18D-4A7D-8E9E-BF24B4F7CD29}.AppStore|iPhone.ActiveCfg = Debug|Any CPU
		{86EA8749-E18D-4A7D-8E9E-BF24B4F7CD29}.AppStore|iPhone.Build.0 = Debug|Any CPU
		{86EA8749-E18D-4A7D-8E9E-BF24B4F7CD29}.AppStore|iPhone.Deploy.0 = Debug|Any CPU
		{86EA8749-E18D-4A7D-8E9E-BF24B4F7CD29}.AppStore|iPhoneSimulator.ActiveCfg = Debug|Any CPU
		{86EA8749-E18D-4A7D-8E9E-BF24B4F7CD29}.AppStore|iPhoneSimulator.Build.0 = Debug|Any CPU
		{86EA8749-E18D-4A7D-8E9E-BF24B4F7CD29}.AppStore|iPhoneSimulator.Deploy.0 = Debug|Any CPU
		{86EA8749-E18D-4A7D-8E9E-BF24B4F7CD29}.Debug|Any CPU.ActiveCfg = Debug|Any CPU
		{86EA8749-E18D-4A7D-8E9E-BF24B4F7CD29}.Debug|Any CPU.Build.0 = Debug|Any CPU
		{86EA8749-E18D-4A7D-8E9E-BF24B4F7CD29}.Debug|Any CPU.Deploy.0 = Debug|Any CPU
		{86EA8749-E18D-4A7D-8E9E-BF24B4F7CD29}.Debug|iPhone.ActiveCfg = Debug|Any CPU
		{86EA8749-E18D-4A7D-8E9E-BF24B4F7CD29}.Debug|iPhone.Build.0 = Debug|Any CPU
		{86EA8749-E18D-4A7D-8E9E-BF24B4F7CD29}.Debug|iPhone.Deploy.0 = Debug|Any CPU
		{86EA8749-E18D-4A7D-8E9E-BF24B4F7CD29}.Debug|iPhoneSimulator.ActiveCfg = Debug|Any CPU
		{86EA8749-E18D-4A7D-8E9E-BF24B4F7CD29}.Debug|iPhoneSimulator.Build.0 = Debug|Any CPU
		{86EA8749-E18D-4A7D-8E9E-BF24B4F7CD29}.Debug|iPhoneSimulator.Deploy.0 = Debug|Any CPU
		{86EA8749-E18D-4A7D-8E9E-BF24B4F7CD29}.Release|Any CPU.ActiveCfg = Release|Any CPU
		{86EA8749-E18D-4A7D-8E9E-BF24B4F7CD29}.Release|Any CPU.Build.0 = Release|Any CPU
		{86EA8749-E18D-4A7D-8E9E-BF24B4F7CD29}.Release|Any CPU.Deploy.0 = Release|Any CPU
		{86EA8749-E18D-4A7D-8E9E-BF24B4F7CD29}.Release|iPhone.ActiveCfg = Release|Any CPU
		{86EA8749-E18D-4A7D-8E9E-BF24B4F7CD29}.Release|iPhone.Build.0 = Release|Any CPU
		{86EA8749-E18D-4A7D-8E9E-BF24B4F7CD29}.Release|iPhone.Deploy.0 = Release|Any CPU
		{86EA8749-E18D-4A7D-8E9E-BF24B4F7CD29}.Release|iPhoneSimulator.ActiveCfg = Release|Any CPU
		{86EA8749-E18D-4A7D-8E9E-BF24B4F7CD29}.Release|iPhoneSimulator.Build.0 = Release|Any CPU
		{86EA8749-E18D-4A7D-8E9E-BF24B4F7CD29}.Release|iPhoneSimulator.Deploy.0 = Release|Any CPU
	EndGlobalSection
	GlobalSection(SolutionProperties) = preSolution
		HideSolutionNode = FALSE
	EndGlobalSection
	GlobalSection(ExtensibilityGlobals) = postSolution
		SolutionGuid = {EBEC2984-6790-478F-9AD9-D649AAE937EF}
	EndGlobalSection
EndGlobal
