
Microsoft Visual Studio Solution File, Format Version 12.00
# Visual Studio 15
VisualStudioVersion = 15.0.28307.489
MinimumVisualStudioVersion = 10.0.40219.1
Project("{FAE04EC0-301F-11D3-BF4B-00C04F79EFBC}") = "Ejercicio2.Android", "Ejercicio2\Ejercicio2.Android\Ejercicio2.Android.csproj", "{23A4FBFD-6144-45C8-9E70-F00CBE9E6FF6}"
EndProject
Project("{FAE04EC0-301F-11D3-BF4B-00C04F79EFBC}") = "Ejercicio2.iOS", "Ejercicio2\Ejercicio2.iOS\Ejercicio2.iOS.csproj", "{30323FF7-6E7B-4985-BD96-827B6F709782}"
EndProject
Project("{FAE04EC0-301F-11D3-BF4B-00C04F79EFBC}") = "Ejercicio2", "Ejercicio2\Ejercicio2\Ejercicio2.csproj", "{0102059E-6A8D-4C16-AFB9-D58A6A818BE5}"
EndProject
Global
	GlobalSection(SolutionConfigurationPlatforms) = preSolution
		Ad-Hoc|Any CPU = Ad-Hoc|Any CPU
		Ad-Hoc|iPhone = Ad-Hoc|iPhone
		Ad-Hoc|iPhoneSimulator = Ad-Hoc|iPhoneSimulator
		AppStore|Any CPU = AppStore|Any CPU
		AppStore|iPhone = AppStore|iPhone
		AppStore|iPhoneSimulator = AppStore|iPhoneSimulator
		Debug|Any CPU = Debug|Any CPU
		Debug|iPhone = Debug|iPhone
		Debug|iPhoneSimulator = Debug|iPhoneSimulator
		Release|Any CPU = Release|Any CPU
		Release|iPhone = Release|iPhone
		Release|iPhoneSimulator = Release|iPhoneSimulator
	EndGlobalSection
	GlobalSection(ProjectConfigurationPlatforms) = postSolution
		{23A4FBFD-6144-45C8-9E70-F00CBE9E6FF6}.Ad-Hoc|Any CPU.ActiveCfg = Release|Any CPU
		{23A4FBFD-6144-45C8-9E70-F00CBE9E6FF6}.Ad-Hoc|Any CPU.Build.0 = Release|Any CPU
		{23A4FBFD-6144-45C8-9E70-F00CBE9E6FF6}.Ad-Hoc|Any CPU.Deploy.0 = Release|Any CPU
		{23A4FBFD-6144-45C8-9E70-F00CBE9E6FF6}.Ad-Hoc|iPhone.ActiveCfg = Release|Any CPU
		{23A4FBFD-6144-45C8-9E70-F00CBE9E6FF6}.Ad-Hoc|iPhone.Build.0 = Release|Any CPU
		{23A4FBFD-6144-45C8-9E70-F00CBE9E6FF6}.Ad-Hoc|iPhone.Deploy.0 = Release|Any CPU
		{23A4FBFD-6144-45C8-9E70-F00CBE9E6FF6}.Ad-Hoc|iPhoneSimulator.ActiveCfg = Release|Any CPU
		{23A4FBFD-6144-45C8-9E70-F00CBE9E6FF6}.Ad-Hoc|iPhoneSimulator.Build.0 = Release|Any CPU
		{23A4FBFD-6144-45C8-9E70-F00CBE9E6FF6}.Ad-Hoc|iPhoneSimulator.Deploy.0 = Release|Any CPU
		{23A4FBFD-6144-45C8-9E70-F00CBE9E6FF6}.AppStore|Any CPU.ActiveCfg = Release|Any CPU
		{23A4FBFD-6144-45C8-9E70-F00CBE9E6FF6}.AppStore|Any CPU.Build.0 = Release|Any CPU
		{23A4FBFD-6144-45C8-9E70-F00CBE9E6FF6}.AppStore|Any CPU.Deploy.0 = Release|Any CPU
		{23A4FBFD-6144-45C8-9E70-F00CBE9E6FF6}.AppStore|iPhone.ActiveCfg = Release|Any CPU
		{23A4FBFD-6144-45C8-9E70-F00CBE9E6FF6}.AppStore|iPhone.Build.0 = Release|Any CPU
		{23A4FBFD-6144-45C8-9E70-F00CBE9E6FF6}.AppStore|iPhone.Deploy.0 = Release|Any CPU
		{23A4FBFD-6144-45C8-9E70-F00CBE9E6FF6}.AppStore|iPhoneSimulator.ActiveCfg = Release|Any CPU
		{23A4FBFD-6144-45C8-9E70-F00CBE9E6FF6}.AppStore|iPhoneSimulator.Build.0 = Release|Any CPU
		{23A4FBFD-6144-45C8-9E70-F00CBE9E6FF6}.AppStore|iPhoneSimulator.Deploy.0 = Release|Any CPU
		{23A4FBFD-6144-45C8-9E70-F00CBE9E6FF6}.Debug|Any CPU.ActiveCfg = Debug|Any CPU
		{23A4FBFD-6144-45C8-9E70-F00CBE9E6FF6}.Debug|Any CPU.Build.0 = Debug|Any CPU
		{23A4FBFD-6144-45C8-9E70-F00CBE9E6FF6}.Debug|Any CPU.Deploy.0 = Debug|Any CPU
		{23A4FBFD-6144-45C8-9E70-F00CBE9E6FF6}.Debug|iPhone.ActiveCfg = Debug|Any CPU
		{23A4FBFD-6144-45C8-9E70-F00CBE9E6FF6}.Debug|iPhone.Build.0 = Debug|Any CPU
		{23A4FBFD-6144-45C8-9E70-F00CBE9E6FF6}.Debug|iPhone.Deploy.0 = Debug|Any CPU
		{23A4FBFD-6144-45C8-9E70-F00CBE9E6FF6}.Debug|iPhoneSimulator.ActiveCfg = Debug|Any CPU
		{23A4FBFD-6144-45C8-9E70-F00CBE9E6FF6}.Debug|iPhoneSimulator.Build.0 = Debug|Any CPU
		{23A4FBFD-6144-45C8-9E70-F00CBE9E6FF6}.Debug|iPhoneSimulator.Deploy.0 = Debug|Any CPU
		{23A4FBFD-6144-45C8-9E70-F00CBE9E6FF6}.Release|Any CPU.ActiveCfg = Release|Any CPU
		{23A4FBFD-6144-45C8-9E70-F00CBE9E6FF6}.Release|Any CPU.Build.0 = Release|Any CPU
		{23A4FBFD-6144-45C8-9E70-F00CBE9E6FF6}.Release|Any CPU.Deploy.0 = Release|Any CPU
		{23A4FBFD-6144-45C8-9E70-F00CBE9E6FF6}.Release|iPhone.ActiveCfg = Release|Any CPU
		{23A4FBFD-6144-45C8-9E70-F00CBE9E6FF6}.Release|iPhone.Build.0 = Release|Any CPU
		{23A4FBFD-6144-45C8-9E70-F00CBE9E6FF6}.Release|iPhone.Deploy.0 = Release|Any CPU
		{23A4FBFD-6144-45C8-9E70-F00CBE9E6FF6}.Release|iPhoneSimulator.ActiveCfg = Release|Any CPU
		{23A4FBFD-6144-45C8-9E70-F00CBE9E6FF6}.Release|iPhoneSimulator.Build.0 = Release|Any CPU
		{23A4FBFD-6144-45C8-9E70-F00CBE9E6FF6}.Release|iPhoneSimulator.Deploy.0 = Release|Any CPU
		{30323FF7-6E7B-4985-BD96-827B6F709782}.Ad-Hoc|Any CPU.ActiveCfg = Ad-Hoc|iPhone
		{30323FF7-6E7B-4985-BD96-827B6F709782}.Ad-Hoc|Any CPU.Build.0 = Ad-Hoc|iPhone
		{30323FF7-6E7B-4985-BD96-827B6F709782}.Ad-Hoc|Any CPU.Deploy.0 = Ad-Hoc|iPhone
		{30323FF7-6E7B-4985-BD96-827B6F709782}.Ad-Hoc|iPhone.ActiveCfg = Ad-Hoc|iPhone
		{30323FF7-6E7B-4985-BD96-827B6F709782}.Ad-Hoc|iPhone.Build.0 = Ad-Hoc|iPhone
		{30323FF7-6E7B-4985-BD96-827B6F709782}.Ad-Hoc|iPhone.Deploy.0 = Ad-Hoc|iPhone
		{30323FF7-6E7B-4985-BD96-827B6F709782}.Ad-Hoc|iPhoneSimulator.ActiveCfg = Ad-Hoc|iPhoneSimulator
		{30323FF7-6E7B-4985-BD96-827B6F709782}.Ad-Hoc|iPhoneSimulator.Build.0 = Ad-Hoc|iPhoneSimulator
		{30323FF7-6E7B-4985-BD96-827B6F709782}.Ad-Hoc|iPhoneSimulator.Deploy.0 = Ad-Hoc|iPhoneSimulator
		{30323FF7-6E7B-4985-BD96-827B6F709782}.AppStore|Any CPU.ActiveCfg = AppStore|iPhone
		{30323FF7-6E7B-4985-BD96-827B6F709782}.AppStore|Any CPU.Build.0 = AppStore|iPhone
		{30323FF7-6E7B-4985-BD96-827B6F709782}.AppStore|Any CPU.Deploy.0 = AppStore|iPhone
		{30323FF7-6E7B-4985-BD96-827B6F709782}.AppStore|iPhone.ActiveCfg = AppStore|iPhone
		{30323FF7-6E7B-4985-BD96-827B6F709782}.AppStore|iPhone.Build.0 = AppStore|iPhone
		{30323FF7-6E7B-4985-BD96-827B6F709782}.AppStore|iPhone.Deploy.0 = AppStore|iPhone
		{30323FF7-6E7B-4985-BD96-827B6F709782}.AppStore|iPhoneSimulator.ActiveCfg = AppStore|iPhoneSimulator
		{30323FF7-6E7B-4985-BD96-827B6F709782}.AppStore|iPhoneSimulator.Build.0 = AppStore|iPhoneSimulator
		{30323FF7-6E7B-4985-BD96-827B6F709782}.AppStore|iPhoneSimulator.Deploy.0 = AppStore|iPhoneSimulator
		{30323FF7-6E7B-4985-BD96-827B6F709782}.Debug|Any CPU.ActiveCfg = Debug|iPhoneSimulator
		{30323FF7-6E7B-4985-BD96-827B6F709782}.Debug|Any CPU.Build.0 = Debug|iPhoneSimulator
		{30323FF7-6E7B-4985-BD96-827B6F709782}.Debug|Any CPU.Deploy.0 = Debug|iPhoneSimulator
		{30323FF7-6E7B-4985-BD96-827B6F709782}.Debug|iPhone.ActiveCfg = Debug|iPhone
		{30323FF7-6E7B-4985-BD96-827B6F709782}.Debug|iPhone.Build.0 = Debug|iPhone
		{30323FF7-6E7B-4985-BD96-827B6F709782}.Debug|iPhone.Deploy.0 = Debug|iPhone
		{30323FF7-6E7B-4985-BD96-827B6F709782}.Debug|iPhoneSimulator.ActiveCfg = Debug|iPhoneSimulator
		{30323FF7-6E7B-4985-BD96-827B6F709782}.Debug|iPhoneSimulator.Build.0 = Debug|iPhoneSimulator
		{30323FF7-6E7B-4985-BD96-827B6F709782}.Debug|iPhoneSimulator.Deploy.0 = Debug|iPhoneSimulator
		{30323FF7-6E7B-4985-BD96-827B6F709782}.Release|Any CPU.ActiveCfg = Release|iPhone
		{30323FF7-6E7B-4985-BD96-827B6F709782}.Release|Any CPU.Build.0 = Release|iPhone
		{30323FF7-6E7B-4985-BD96-827B6F709782}.Release|Any CPU.Deploy.0 = Release|iPhone
		{30323FF7-6E7B-4985-BD96-827B6F709782}.Release|iPhone.ActiveCfg = Release|iPhone
		{30323FF7-6E7B-4985-BD96-827B6F709782}.Release|iPhone.Build.0 = Release|iPhone
		{30323FF7-6E7B-4985-BD96-827B6F709782}.Release|iPhone.Deploy.0 = Release|iPhone
		{30323FF7-6E7B-4985-BD96-827B6F709782}.Release|iPhoneSimulator.ActiveCfg = Release|iPhoneSimulator
		{30323FF7-6E7B-4985-BD96-827B6F709782}.Release|iPhoneSimulator.Build.0 = Release|iPhoneSimulator
		{30323FF7-6E7B-4985-BD96-827B6F709782}.Release|iPhoneSimulator.Deploy.0 = Release|iPhoneSimulator
		{0102059E-6A8D-4C16-AFB9-D58A6A818BE5}.Ad-Hoc|Any CPU.ActiveCfg = Debug|Any CPU
		{0102059E-6A8D-4C16-AFB9-D58A6A818BE5}.Ad-Hoc|Any CPU.Build.0 = Debug|Any CPU
		{0102059E-6A8D-4C16-AFB9-D58A6A818BE5}.Ad-Hoc|Any CPU.Deploy.0 = Debug|Any CPU
		{0102059E-6A8D-4C16-AFB9-D58A6A818BE5}.Ad-Hoc|iPhone.ActiveCfg = Debug|Any CPU
		{0102059E-6A8D-4C16-AFB9-D58A6A818BE5}.Ad-Hoc|iPhone.Build.0 = Debug|Any CPU
		{0102059E-6A8D-4C16-AFB9-D58A6A818BE5}.Ad-Hoc|iPhone.Deploy.0 = Debug|Any CPU
		{0102059E-6A8D-4C16-AFB9-D58A6A818BE5}.Ad-Hoc|iPhoneSimulator.ActiveCfg = Debug|Any CPU
		{0102059E-6A8D-4C16-AFB9-D58A6A818BE5}.Ad-Hoc|iPhoneSimulator.Build.0 = Debug|Any CPU
		{0102059E-6A8D-4C16-AFB9-D58A6A818BE5}.Ad-Hoc|iPhoneSimulator.Deploy.0 = Debug|Any CPU
		{0102059E-6A8D-4C16-AFB9-D58A6A818BE5}.AppStore|Any CPU.ActiveCfg = Debug|Any CPU
		{0102059E-6A8D-4C16-AFB9-D58A6A818BE5}.AppStore|Any CPU.Build.0 = Debug|Any CPU
		{0102059E-6A8D-4C16-AFB9-D58A6A818BE5}.AppStore|Any CPU.Deploy.0 = Debug|Any CPU
		{0102059E-6A8D-4C16-AFB9-D58A6A818BE5}.AppStore|iPhone.ActiveCfg = Debug|Any CPU
		{0102059E-6A8D-4C16-AFB9-D58A6A818BE5}.AppStore|iPhone.Build.0 = Debug|Any CPU
		{0102059E-6A8D-4C16-AFB9-D58A6A818BE5}.AppStore|iPhone.Deploy.0 = Debug|Any CPU
		{0102059E-6A8D-4C16-AFB9-D58A6A818BE5}.AppStore|iPhoneSimulator.ActiveCfg = Debug|Any CPU
		{0102059E-6A8D-4C16-AFB9-D58A6A818BE5}.AppStore|iPhoneSimulator.Build.0 = Debug|Any CPU
		{0102059E-6A8D-4C16-AFB9-D58A6A818BE5}.AppStore|iPhoneSimulator.Deploy.0 = Debug|Any CPU
		{0102059E-6A8D-4C16-AFB9-D58A6A818BE5}.Debug|Any CPU.ActiveCfg = Debug|Any CPU
		{0102059E-6A8D-4C16-AFB9-D58A6A818BE5}.Debug|Any CPU.Build.0 = Debug|Any CPU
		{0102059E-6A8D-4C16-AFB9-D58A6A818BE5}.Debug|Any CPU.Deploy.0 = Debug|Any CPU
		{0102059E-6A8D-4C16-AFB9-D58A6A818BE5}.Debug|iPhone.ActiveCfg = Debug|Any CPU
		{0102059E-6A8D-4C16-AFB9-D58A6A818BE5}.Debug|iPhone.Build.0 = Debug|Any CPU
		{0102059E-6A8D-4C16-AFB9-D58A6A818BE5}.Debug|iPhone.Deploy.0 = Debug|Any CPU
		{0102059E-6A8D-4C16-AFB9-D58A6A818BE5}.Debug|iPhoneSimulator.ActiveCfg = Debug|Any CPU
		{0102059E-6A8D-4C16-AFB9-D58A6A818BE5}.Debug|iPhoneSimulator.Build.0 = Debug|Any CPU
		{0102059E-6A8D-4C16-AFB9-D58A6A818BE5}.Debug|iPhoneSimulator.Deploy.0 = Debug|Any CPU
		{0102059E-6A8D-4C16-AFB9-D58A6A818BE5}.Release|Any CPU.ActiveCfg = Release|Any CPU
		{0102059E-6A8D-4C16-AFB9-D58A6A818BE5}.Release|Any CPU.Build.0 = Release|Any CPU
		{0102059E-6A8D-4C16-AFB9-D58A6A818BE5}.Release|Any CPU.Deploy.0 = Release|Any CPU
		{0102059E-6A8D-4C16-AFB9-D58A6A818BE5}.Release|iPhone.ActiveCfg = Release|Any CPU
		{0102059E-6A8D-4C16-AFB9-D58A6A818BE5}.Release|iPhone.Build.0 = Release|Any CPU
		{0102059E-6A8D-4C16-AFB9-D58A6A818BE5}.Release|iPhone.Deploy.0 = Release|Any CPU
		{0102059E-6A8D-4C16-AFB9-D58A6A818BE5}.Release|iPhoneSimulator.ActiveCfg = Release|Any CPU
		{0102059E-6A8D-4C16-AFB9-D58A6A818BE5}.Release|iPhoneSimulator.Build.0 = Release|Any CPU
		{0102059E-6A8D-4C16-AFB9-D58A6A818BE5}.Release|iPhoneSimulator.Deploy.0 = Release|Any CPU
	EndGlobalSection
	GlobalSection(SolutionProperties) = preSolution
		HideSolutionNode = FALSE
	EndGlobalSection
	GlobalSection(ExtensibilityGlobals) = postSolution
		SolutionGuid = {CCF35C82-CF66-4DFB-BC05-ED1B030AC793}
	EndGlobalSection
EndGlobal
