
Microsoft Visual Studio Solution File, Format Version 12.00
# Visual Studio 15
VisualStudioVersion = 15.0.28307.489
MinimumVisualStudioVersion = 10.0.40219.1
Project("{FAE04EC0-301F-11D3-BF4B-00C04F79EFBC}") = "EjemploPersona.Android", "EjemploPersona\EjemploPersona.Android\EjemploPersona.Android.csproj", "{A7C0A9E2-8F0A-43F0-9121-C7367E754653}"
EndProject
Project("{FAE04EC0-301F-11D3-BF4B-00C04F79EFBC}") = "EjemploPersona.iOS", "EjemploPersona\EjemploPersona.iOS\EjemploPersona.iOS.csproj", "{178DE455-9F1A-4A98-B516-7679B334006D}"
EndProject
Project("{FAE04EC0-301F-11D3-BF4B-00C04F79EFBC}") = "EjemploPersona", "EjemploPersona\EjemploPersona\EjemploPersona.csproj", "{43CC2275-F78B-47E1-9803-7D29A15FC19F}"
EndProject
Global
	GlobalSection(SolutionConfigurationPlatforms) = preSolution
		Ad-Hoc|Any CPU = Ad-Hoc|Any CPU
		Ad-Hoc|iPhone = Ad-Hoc|iPhone
		Ad-Hoc|iPhoneSimulator = Ad-Hoc|iPhoneSimulator
		AppStore|Any CPU = AppStore|Any CPU
		AppStore|iPhone = AppStore|iPhone
		AppStore|iPhoneSimulator = AppStore|iPhoneSimulator
		Debug|Any CPU = Debug|Any CPU
		Debug|iPhone = Debug|iPhone
		Debug|iPhoneSimulator = Debug|iPhoneSimulator
		Release|Any CPU = Release|Any CPU
		Release|iPhone = Release|iPhone
		Release|iPhoneSimulator = Release|iPhoneSimulator
	EndGlobalSection
	GlobalSection(ProjectConfigurationPlatforms) = postSolution
		{A7C0A9E2-8F0A-43F0-9121-C7367E754653}.Ad-Hoc|Any CPU.ActiveCfg = Release|Any CPU
		{A7C0A9E2-8F0A-43F0-9121-C7367E754653}.Ad-Hoc|Any CPU.Build.0 = Release|Any CPU
		{A7C0A9E2-8F0A-43F0-9121-C7367E754653}.Ad-Hoc|Any CPU.Deploy.0 = Release|Any CPU
		{A7C0A9E2-8F0A-43F0-9121-C7367E754653}.Ad-Hoc|iPhone.ActiveCfg = Release|Any CPU
		{A7C0A9E2-8F0A-43F0-9121-C7367E754653}.Ad-Hoc|iPhone.Build.0 = Release|Any CPU
		{A7C0A9E2-8F0A-43F0-9121-C7367E754653}.Ad-Hoc|iPhone.Deploy.0 = Release|Any CPU
		{A7C0A9E2-8F0A-43F0-9121-C7367E754653}.Ad-Hoc|iPhoneSimulator.ActiveCfg = Release|Any CPU
		{A7C0A9E2-8F0A-43F0-9121-C7367E754653}.Ad-Hoc|iPhoneSimulator.Build.0 = Release|Any CPU
		{A7C0A9E2-8F0A-43F0-9121-C7367E754653}.Ad-Hoc|iPhoneSimulator.Deploy.0 = Release|Any CPU
		{A7C0A9E2-8F0A-43F0-9121-C7367E754653}.AppStore|Any CPU.ActiveCfg = Release|Any CPU
		{A7C0A9E2-8F0A-43F0-9121-C7367E754653}.AppStore|Any CPU.Build.0 = Release|Any CPU
		{A7C0A9E2-8F0A-43F0-9121-C7367E754653}.AppStore|Any CPU.Deploy.0 = Release|Any CPU
		{A7C0A9E2-8F0A-43F0-9121-C7367E754653}.AppStore|iPhone.ActiveCfg = Release|Any CPU
		{A7C0A9E2-8F0A-43F0-9121-C7367E754653}.AppStore|iPhone.Build.0 = Release|Any CPU
		{A7C0A9E2-8F0A-43F0-9121-C7367E754653}.AppStore|iPhone.Deploy.0 = Release|Any CPU
		{A7C0A9E2-8F0A-43F0-9121-C7367E754653}.AppStore|iPhoneSimulator.ActiveCfg = Release|Any CPU
		{A7C0A9E2-8F0A-43F0-9121-C7367E754653}.AppStore|iPhoneSimulator.Build.0 = Release|Any CPU
		{A7C0A9E2-8F0A-43F0-9121-C7367E754653}.AppStore|iPhoneSimulator.Deploy.0 = Release|Any CPU
		{A7C0A9E2-8F0A-43F0-9121-C7367E754653}.Debug|Any CPU.ActiveCfg = Debug|Any CPU
		{A7C0A9E2-8F0A-43F0-9121-C7367E754653}.Debug|Any CPU.Build.0 = Debug|Any CPU
		{A7C0A9E2-8F0A-43F0-9121-C7367E754653}.Debug|Any CPU.Deploy.0 = Debug|Any CPU
		{A7C0A9E2-8F0A-43F0-9121-C7367E754653}.Debug|iPhone.ActiveCfg = Debug|Any CPU
		{A7C0A9E2-8F0A-43F0-9121-C7367E754653}.Debug|iPhone.Build.0 = Debug|Any CPU
		{A7C0A9E2-8F0A-43F0-9121-C7367E754653}.Debug|iPhone.Deploy.0 = Debug|Any CPU
		{A7C0A9E2-8F0A-43F0-9121-C7367E754653}.Debug|iPhoneSimulator.ActiveCfg = Debug|Any CPU
		{A7C0A9E2-8F0A-43F0-9121-C7367E754653}.Debug|iPhoneSimulator.Build.0 = Debug|Any CPU
		{A7C0A9E2-8F0A-43F0-9121-C7367E754653}.Debug|iPhoneSimulator.Deploy.0 = Debug|Any CPU
		{A7C0A9E2-8F0A-43F0-9121-C7367E754653}.Release|Any CPU.ActiveCfg = Release|Any CPU
		{A7C0A9E2-8F0A-43F0-9121-C7367E754653}.Release|Any CPU.Build.0 = Release|Any CPU
		{A7C0A9E2-8F0A-43F0-9121-C7367E754653}.Release|Any CPU.Deploy.0 = Release|Any CPU
		{A7C0A9E2-8F0A-43F0-9121-C7367E754653}.Release|iPhone.ActiveCfg = Release|Any CPU
		{A7C0A9E2-8F0A-43F0-9121-C7367E754653}.Release|iPhone.Build.0 = Release|Any CPU
		{A7C0A9E2-8F0A-43F0-9121-C7367E754653}.Release|iPhone.Deploy.0 = Release|Any CPU
		{A7C0A9E2-8F0A-43F0-9121-C7367E754653}.Release|iPhoneSimulator.ActiveCfg = Release|Any CPU
		{A7C0A9E2-8F0A-43F0-9121-C7367E754653}.Release|iPhoneSimulator.Build.0 = Release|Any CPU
		{A7C0A9E2-8F0A-43F0-9121-C7367E754653}.Release|iPhoneSimulator.Deploy.0 = Release|Any CPU
		{178DE455-9F1A-4A98-B516-7679B334006D}.Ad-Hoc|Any CPU.ActiveCfg = Ad-Hoc|iPhone
		{178DE455-9F1A-4A98-B516-7679B334006D}.Ad-Hoc|Any CPU.Build.0 = Ad-Hoc|iPhone
		{178DE455-9F1A-4A98-B516-7679B334006D}.Ad-Hoc|Any CPU.Deploy.0 = Ad-Hoc|iPhone
		{178DE455-9F1A-4A98-B516-7679B334006D}.Ad-Hoc|iPhone.ActiveCfg = Ad-Hoc|iPhone
		{178DE455-9F1A-4A98-B516-7679B334006D}.Ad-Hoc|iPhone.Build.0 = Ad-Hoc|iPhone
		{178DE455-9F1A-4A98-B516-7679B334006D}.Ad-Hoc|iPhone.Deploy.0 = Ad-Hoc|iPhone
		{178DE455-9F1A-4A98-B516-7679B334006D}.Ad-Hoc|iPhoneSimulator.ActiveCfg = Ad-Hoc|iPhoneSimulator
		{178DE455-9F1A-4A98-B516-7679B334006D}.Ad-Hoc|iPhoneSimulator.Build.0 = Ad-Hoc|iPhoneSimulator
		{178DE455-9F1A-4A98-B516-7679B334006D}.Ad-Hoc|iPhoneSimulator.Deploy.0 = Ad-Hoc|iPhoneSimulator
		{178DE455-9F1A-4A98-B516-7679B334006D}.AppStore|Any CPU.ActiveCfg = AppStore|iPhone
		{178DE455-9F1A-4A98-B516-7679B334006D}.AppStore|Any CPU.Build.0 = AppStore|iPhone
		{178DE455-9F1A-4A98-B516-7679B334006D}.AppStore|Any CPU.Deploy.0 = AppStore|iPhone
		{178DE455-9F1A-4A98-B516-7679B334006D}.AppStore|iPhone.ActiveCfg = AppStore|iPhone
		{178DE455-9F1A-4A98-B516-7679B334006D}.AppStore|iPhone.Build.0 = AppStore|iPhone
		{178DE455-9F1A-4A98-B516-7679B334006D}.AppStore|iPhone.Deploy.0 = AppStore|iPhone
		{178DE455-9F1A-4A98-B516-7679B334006D}.AppStore|iPhoneSimulator.ActiveCfg = AppStore|iPhoneSimulator
		{178DE455-9F1A-4A98-B516-7679B334006D}.AppStore|iPhoneSimulator.Build.0 = AppStore|iPhoneSimulator
		{178DE455-9F1A-4A98-B516-7679B334006D}.AppStore|iPhoneSimulator.Deploy.0 = AppStore|iPhoneSimulator
		{178DE455-9F1A-4A98-B516-7679B334006D}.Debug|Any CPU.ActiveCfg = Debug|iPhoneSimulator
		{178DE455-9F1A-4A98-B516-7679B334006D}.Debug|Any CPU.Build.0 = Debug|iPhoneSimulator
		{178DE455-9F1A-4A98-B516-7679B334006D}.Debug|Any CPU.Deploy.0 = Debug|iPhoneSimulator
		{178DE455-9F1A-4A98-B516-7679B334006D}.Debug|iPhone.ActiveCfg = Debug|iPhone
		{178DE455-9F1A-4A98-B516-7679B334006D}.Debug|iPhone.Build.0 = Debug|iPhone
		{178DE455-9F1A-4A98-B516-7679B334006D}.Debug|iPhone.Deploy.0 = Debug|iPhone
		{178DE455-9F1A-4A98-B516-7679B334006D}.Debug|iPhoneSimulator.ActiveCfg = Debug|iPhoneSimulator
		{178DE455-9F1A-4A98-B516-7679B334006D}.Debug|iPhoneSimulator.Build.0 = Debug|iPhoneSimulator
		{178DE455-9F1A-4A98-B516-7679B334006D}.Debug|iPhoneSimulator.Deploy.0 = Debug|iPhoneSimulator
		{178DE455-9F1A-4A98-B516-7679B334006D}.Release|Any CPU.ActiveCfg = Release|iPhone
		{178DE455-9F1A-4A98-B516-7679B334006D}.Release|Any CPU.Build.0 = Release|iPhone
		{178DE455-9F1A-4A98-B516-7679B334006D}.Release|Any CPU.Deploy.0 = Release|iPhone
		{178DE455-9F1A-4A98-B516-7679B334006D}.Release|iPhone.ActiveCfg = Release|iPhone
		{178DE455-9F1A-4A98-B516-7679B334006D}.Release|iPhone.Build.0 = Release|iPhone
		{178DE455-9F1A-4A98-B516-7679B334006D}.Release|iPhone.Deploy.0 = Release|iPhone
		{178DE455-9F1A-4A98-B516-7679B334006D}.Release|iPhoneSimulator.ActiveCfg = Release|iPhoneSimulator
		{178DE455-9F1A-4A98-B516-7679B334006D}.Release|iPhoneSimulator.Build.0 = Release|iPhoneSimulator
		{178DE455-9F1A-4A98-B516-7679B334006D}.Release|iPhoneSimulator.Deploy.0 = Release|iPhoneSimulator
		{43CC2275-F78B-47E1-9803-7D29A15FC19F}.Ad-Hoc|Any CPU.ActiveCfg = Debug|Any CPU
		{43CC2275-F78B-47E1-9803-7D29A15FC19F}.Ad-Hoc|Any CPU.Build.0 = Debug|Any CPU
		{43CC2275-F78B-47E1-9803-7D29A15FC19F}.Ad-Hoc|Any CPU.Deploy.0 = Debug|Any CPU
		{43CC2275-F78B-47E1-9803-7D29A15FC19F}.Ad-Hoc|iPhone.ActiveCfg = Debug|Any CPU
		{43CC2275-F78B-47E1-9803-7D29A15FC19F}.Ad-Hoc|iPhone.Build.0 = Debug|Any CPU
		{43CC2275-F78B-47E1-9803-7D29A15FC19F}.Ad-Hoc|iPhone.Deploy.0 = Debug|Any CPU
		{43CC2275-F78B-47E1-9803-7D29A15FC19F}.Ad-Hoc|iPhoneSimulator.ActiveCfg = Debug|Any CPU
		{43CC2275-F78B-47E1-9803-7D29A15FC19F}.Ad-Hoc|iPhoneSimulator.Build.0 = Debug|Any CPU
		{43CC2275-F78B-47E1-9803-7D29A15FC19F}.Ad-Hoc|iPhoneSimulator.Deploy.0 = Debug|Any CPU
		{43CC2275-F78B-47E1-9803-7D29A15FC19F}.AppStore|Any CPU.ActiveCfg = Debug|Any CPU
		{43CC2275-F78B-47E1-9803-7D29A15FC19F}.AppStore|Any CPU.Build.0 = Debug|Any CPU
		{43CC2275-F78B-47E1-9803-7D29A15FC19F}.AppStore|Any CPU.Deploy.0 = Debug|Any CPU
		{43CC2275-F78B-47E1-9803-7D29A15FC19F}.AppStore|iPhone.ActiveCfg = Debug|Any CPU
		{43CC2275-F78B-47E1-9803-7D29A15FC19F}.AppStore|iPhone.Build.0 = Debug|Any CPU
		{43CC2275-F78B-47E1-9803-7D29A15FC19F}.AppStore|iPhone.Deploy.0 = Debug|Any CPU
		{43CC2275-F78B-47E1-9803-7D29A15FC19F}.AppStore|iPhoneSimulator.ActiveCfg = Debug|Any CPU
		{43CC2275-F78B-47E1-9803-7D29A15FC19F}.AppStore|iPhoneSimulator.Build.0 = Debug|Any CPU
		{43CC2275-F78B-47E1-9803-7D29A15FC19F}.AppStore|iPhoneSimulator.Deploy.0 = Debug|Any CPU
		{43CC2275-F78B-47E1-9803-7D29A15FC19F}.Debug|Any CPU.ActiveCfg = Debug|Any CPU
		{43CC2275-F78B-47E1-9803-7D29A15FC19F}.Debug|Any CPU.Build.0 = Debug|Any CPU
		{43CC2275-F78B-47E1-9803-7D29A15FC19F}.Debug|Any CPU.Deploy.0 = Debug|Any CPU
		{43CC2275-F78B-47E1-9803-7D29A15FC19F}.Debug|iPhone.ActiveCfg = Debug|Any CPU
		{43CC2275-F78B-47E1-9803-7D29A15FC19F}.Debug|iPhone.Build.0 = Debug|Any CPU
		{43CC2275-F78B-47E1-9803-7D29A15FC19F}.Debug|iPhone.Deploy.0 = Debug|Any CPU
		{43CC2275-F78B-47E1-9803-7D29A15FC19F}.Debug|iPhoneSimulator.ActiveCfg = Debug|Any CPU
		{43CC2275-F78B-47E1-9803-7D29A15FC19F}.Debug|iPhoneSimulator.Build.0 = Debug|Any CPU
		{43CC2275-F78B-47E1-9803-7D29A15FC19F}.Debug|iPhoneSimulator.Deploy.0 = Debug|Any CPU
		{43CC2275-F78B-47E1-9803-7D29A15FC19F}.Release|Any CPU.ActiveCfg = Release|Any CPU
		{43CC2275-F78B-47E1-9803-7D29A15FC19F}.Release|Any CPU.Build.0 = Release|Any CPU
		{43CC2275-F78B-47E1-9803-7D29A15FC19F}.Release|Any CPU.Deploy.0 = Release|Any CPU
		{43CC2275-F78B-47E1-9803-7D29A15FC19F}.Release|iPhone.ActiveCfg = Release|Any CPU
		{43CC2275-F78B-47E1-9803-7D29A15FC19F}.Release|iPhone.Build.0 = Release|Any CPU
		{43CC2275-F78B-47E1-9803-7D29A15FC19F}.Release|iPhone.Deploy.0 = Release|Any CPU
		{43CC2275-F78B-47E1-9803-7D29A15FC19F}.Release|iPhoneSimulator.ActiveCfg = Release|Any CPU
		{43CC2275-F78B-47E1-9803-7D29A15FC19F}.Release|iPhoneSimulator.Build.0 = Release|Any CPU
		{43CC2275-F78B-47E1-9803-7D29A15FC19F}.Release|iPhoneSimulator.Deploy.0 = Release|Any CPU
	EndGlobalSection
	GlobalSection(SolutionProperties) = preSolution
		HideSolutionNode = FALSE
	EndGlobalSection
	GlobalSection(ExtensibilityGlobals) = postSolution
		SolutionGuid = {6010C410-5826-4E42-A0E1-D5C07527D824}
	EndGlobalSection
EndGlobal
