
Microsoft Visual Studio Solution File, Format Version 12.00
# Visual Studio 15
VisualStudioVersion = 15.0.28307.271
MinimumVisualStudioVersion = 10.0.40219.1
Project("{FAE04EC0-301F-11D3-BF4B-00C04F79EFBC}") = "IntroXamarin.Android", "IntroXamarin\IntroXamarin.Android\IntroXamarin.Android.csproj", "{E47BCAFC-77CC-4A57-8CC2-B55B57136045}"
EndProject
Project("{FAE04EC0-301F-11D3-BF4B-00C04F79EFBC}") = "IntroXamarin.iOS", "IntroXamarin\IntroXamarin.iOS\IntroXamarin.iOS.csproj", "{9B5D1DB5-3EDD-4D4E-9B02-7437C70D622E}"
EndProject
Project("{FAE04EC0-301F-11D3-BF4B-00C04F79EFBC}") = "IntroXamarin", "IntroXamarin\IntroXamarin\IntroXamarin.csproj", "{99840ED0-9F3E-4CF8-8CEC-82683D0781B7}"
EndProject
Global
	GlobalSection(SolutionConfigurationPlatforms) = preSolution
		Ad-Hoc|Any CPU = Ad-Hoc|Any CPU
		Ad-Hoc|iPhone = Ad-Hoc|iPhone
		Ad-Hoc|iPhoneSimulator = Ad-Hoc|iPhoneSimulator
		AppStore|Any CPU = AppStore|Any CPU
		AppStore|iPhone = AppStore|iPhone
		AppStore|iPhoneSimulator = AppStore|iPhoneSimulator
		Debug|Any CPU = Debug|Any CPU
		Debug|iPhone = Debug|iPhone
		Debug|iPhoneSimulator = Debug|iPhoneSimulator
		Release|Any CPU = Release|Any CPU
		Release|iPhone = Release|iPhone
		Release|iPhoneSimulator = Release|iPhoneSimulator
	EndGlobalSection
	GlobalSection(ProjectConfigurationPlatforms) = postSolution
		{E47BCAFC-77CC-4A57-8CC2-B55B57136045}.Ad-Hoc|Any CPU.ActiveCfg = Release|Any CPU
		{E47BCAFC-77CC-4A57-8CC2-B55B57136045}.Ad-Hoc|Any CPU.Build.0 = Release|Any CPU
		{E47BCAFC-77CC-4A57-8CC2-B55B57136045}.Ad-Hoc|Any CPU.Deploy.0 = Release|Any CPU
		{E47BCAFC-77CC-4A57-8CC2-B55B57136045}.Ad-Hoc|iPhone.ActiveCfg = Release|Any CPU
		{E47BCAFC-77CC-4A57-8CC2-B55B57136045}.Ad-Hoc|iPhone.Build.0 = Release|Any CPU
		{E47BCAFC-77CC-4A57-8CC2-B55B57136045}.Ad-Hoc|iPhone.Deploy.0 = Release|Any CPU
		{E47BCAFC-77CC-4A57-8CC2-B55B57136045}.Ad-Hoc|iPhoneSimulator.ActiveCfg = Release|Any CPU
		{E47BCAFC-77CC-4A57-8CC2-B55B57136045}.Ad-Hoc|iPhoneSimulator.Build.0 = Release|Any CPU
		{E47BCAFC-77CC-4A57-8CC2-B55B57136045}.Ad-Hoc|iPhoneSimulator.Deploy.0 = Release|Any CPU
		{E47BCAFC-77CC-4A57-8CC2-B55B57136045}.AppStore|Any CPU.ActiveCfg = Release|Any CPU
		{E47BCAFC-77CC-4A57-8CC2-B55B57136045}.AppStore|Any CPU.Build.0 = Release|Any CPU
		{E47BCAFC-77CC-4A57-8CC2-B55B57136045}.AppStore|Any CPU.Deploy.0 = Release|Any CPU
		{E47BCAFC-77CC-4A57-8CC2-B55B57136045}.AppStore|iPhone.ActiveCfg = Release|Any CPU
		{E47BCAFC-77CC-4A57-8CC2-B55B57136045}.AppStore|iPhone.Build.0 = Release|Any CPU
		{E47BCAFC-77CC-4A57-8CC2-B55B57136045}.AppStore|iPhone.Deploy.0 = Release|Any CPU
		{E47BCAFC-77CC-4A57-8CC2-B55B57136045}.AppStore|iPhoneSimulator.ActiveCfg = Release|Any CPU
		{E47BCAFC-77CC-4A57-8CC2-B55B57136045}.AppStore|iPhoneSimulator.Build.0 = Release|Any CPU
		{E47BCAFC-77CC-4A57-8CC2-B55B57136045}.AppStore|iPhoneSimulator.Deploy.0 = Release|Any CPU
		{E47BCAFC-77CC-4A57-8CC2-B55B57136045}.Debug|Any CPU.ActiveCfg = Debug|Any CPU
		{E47BCAFC-77CC-4A57-8CC2-B55B57136045}.Debug|Any CPU.Build.0 = Debug|Any CPU
		{E47BCAFC-77CC-4A57-8CC2-B55B57136045}.Debug|Any CPU.Deploy.0 = Debug|Any CPU
		{E47BCAFC-77CC-4A57-8CC2-B55B57136045}.Debug|iPhone.ActiveCfg = Debug|Any CPU
		{E47BCAFC-77CC-4A57-8CC2-B55B57136045}.Debug|iPhone.Build.0 = Debug|Any CPU
		{E47BCAFC-77CC-4A57-8CC2-B55B57136045}.Debug|iPhone.Deploy.0 = Debug|Any CPU
		{E47BCAFC-77CC-4A57-8CC2-B55B57136045}.Debug|iPhoneSimulator.ActiveCfg = Debug|Any CPU
		{E47BCAFC-77CC-4A57-8CC2-B55B57136045}.Debug|iPhoneSimulator.Build.0 = Debug|Any CPU
		{E47BCAFC-77CC-4A57-8CC2-B55B57136045}.Debug|iPhoneSimulator.Deploy.0 = Debug|Any CPU
		{E47BCAFC-77CC-4A57-8CC2-B55B57136045}.Release|Any CPU.ActiveCfg = Release|Any CPU
		{E47BCAFC-77CC-4A57-8CC2-B55B57136045}.Release|Any CPU.Build.0 = Release|Any CPU
		{E47BCAFC-77CC-4A57-8CC2-B55B57136045}.Release|Any CPU.Deploy.0 = Release|Any CPU
		{E47BCAFC-77CC-4A57-8CC2-B55B57136045}.Release|iPhone.ActiveCfg = Release|Any CPU
		{E47BCAFC-77CC-4A57-8CC2-B55B57136045}.Release|iPhone.Build.0 = Release|Any CPU
		{E47BCAFC-77CC-4A57-8CC2-B55B57136045}.Release|iPhone.Deploy.0 = Release|Any CPU
		{E47BCAFC-77CC-4A57-8CC2-B55B57136045}.Release|iPhoneSimulator.ActiveCfg = Release|Any CPU
		{E47BCAFC-77CC-4A57-8CC2-B55B57136045}.Release|iPhoneSimulator.Build.0 = Release|Any CPU
		{E47BCAFC-77CC-4A57-8CC2-B55B57136045}.Release|iPhoneSimulator.Deploy.0 = Release|Any CPU
		{9B5D1DB5-3EDD-4D4E-9B02-7437C70D622E}.Ad-Hoc|Any CPU.ActiveCfg = Ad-Hoc|iPhone
		{9B5D1DB5-3EDD-4D4E-9B02-7437C70D622E}.Ad-Hoc|Any CPU.Build.0 = Ad-Hoc|iPhone
		{9B5D1DB5-3EDD-4D4E-9B02-7437C70D622E}.Ad-Hoc|Any CPU.Deploy.0 = Ad-Hoc|iPhone
		{9B5D1DB5-3EDD-4D4E-9B02-7437C70D622E}.Ad-Hoc|iPhone.ActiveCfg = Ad-Hoc|iPhone
		{9B5D1DB5-3EDD-4D4E-9B02-7437C70D622E}.Ad-Hoc|iPhone.Build.0 = Ad-Hoc|iPhone
		{9B5D1DB5-3EDD-4D4E-9B02-7437C70D622E}.Ad-Hoc|iPhone.Deploy.0 = Ad-Hoc|iPhone
		{9B5D1DB5-3EDD-4D4E-9B02-7437C70D622E}.Ad-Hoc|iPhoneSimulator.ActiveCfg = Ad-Hoc|iPhoneSimulator
		{9B5D1DB5-3EDD-4D4E-9B02-7437C70D622E}.Ad-Hoc|iPhoneSimulator.Build.0 = Ad-Hoc|iPhoneSimulator
		{9B5D1DB5-3EDD-4D4E-9B02-7437C70D622E}.Ad-Hoc|iPhoneSimulator.Deploy.0 = Ad-Hoc|iPhoneSimulator
		{9B5D1DB5-3EDD-4D4E-9B02-7437C70D622E}.AppStore|Any CPU.ActiveCfg = AppStore|iPhone
		{9B5D1DB5-3EDD-4D4E-9B02-7437C70D622E}.AppStore|Any CPU.Build.0 = AppStore|iPhone
		{9B5D1DB5-3EDD-4D4E-9B02-7437C70D622E}.AppStore|Any CPU.Deploy.0 = AppStore|iPhone
		{9B5D1DB5-3EDD-4D4E-9B02-7437C70D622E}.AppStore|iPhone.ActiveCfg = AppStore|iPhone
		{9B5D1DB5-3EDD-4D4E-9B02-7437C70D622E}.AppStore|iPhone.Build.0 = AppStore|iPhone
		{9B5D1DB5-3EDD-4D4E-9B02-7437C70D622E}.AppStore|iPhone.Deploy.0 = AppStore|iPhone
		{9B5D1DB5-3EDD-4D4E-9B02-7437C70D622E}.AppStore|iPhoneSimulator.ActiveCfg = AppStore|iPhoneSimulator
		{9B5D1DB5-3EDD-4D4E-9B02-7437C70D622E}.AppStore|iPhoneSimulator.Build.0 = AppStore|iPhoneSimulator
		{9B5D1DB5-3EDD-4D4E-9B02-7437C70D622E}.AppStore|iPhoneSimulator.Deploy.0 = AppStore|iPhoneSimulator
		{9B5D1DB5-3EDD-4D4E-9B02-7437C70D622E}.Debug|Any CPU.ActiveCfg = Debug|iPhoneSimulator
		{9B5D1DB5-3EDD-4D4E-9B02-7437C70D622E}.Debug|Any CPU.Build.0 = Debug|iPhoneSimulator
		{9B5D1DB5-3EDD-4D4E-9B02-7437C70D622E}.Debug|Any CPU.Deploy.0 = Debug|iPhoneSimulator
		{9B5D1DB5-3EDD-4D4E-9B02-7437C70D622E}.Debug|iPhone.ActiveCfg = Debug|iPhone
		{9B5D1DB5-3EDD-4D4E-9B02-7437C70D622E}.Debug|iPhone.Build.0 = Debug|iPhone
		{9B5D1DB5-3EDD-4D4E-9B02-7437C70D622E}.Debug|iPhone.Deploy.0 = Debug|iPhone
		{9B5D1DB5-3EDD-4D4E-9B02-7437C70D622E}.Debug|iPhoneSimulator.ActiveCfg = Debug|iPhoneSimulator
		{9B5D1DB5-3EDD-4D4E-9B02-7437C70D622E}.Debug|iPhoneSimulator.Build.0 = Debug|iPhoneSimulator
		{9B5D1DB5-3EDD-4D4E-9B02-7437C70D622E}.Debug|iPhoneSimulator.Deploy.0 = Debug|iPhoneSimulator
		{9B5D1DB5-3EDD-4D4E-9B02-7437C70D622E}.Release|Any CPU.ActiveCfg = Release|iPhone
		{9B5D1DB5-3EDD-4D4E-9B02-7437C70D622E}.Release|Any CPU.Build.0 = Release|iPhone
		{9B5D1DB5-3EDD-4D4E-9B02-7437C70D622E}.Release|Any CPU.Deploy.0 = Release|iPhone
		{9B5D1DB5-3EDD-4D4E-9B02-7437C70D622E}.Release|iPhone.ActiveCfg = Release|iPhone
		{9B5D1DB5-3EDD-4D4E-9B02-7437C70D622E}.Release|iPhone.Build.0 = Release|iPhone
		{9B5D1DB5-3EDD-4D4E-9B02-7437C70D622E}.Release|iPhone.Deploy.0 = Release|iPhone
		{9B5D1DB5-3EDD-4D4E-9B02-7437C70D622E}.Release|iPhoneSimulator.ActiveCfg = Release|iPhoneSimulator
		{9B5D1DB5-3EDD-4D4E-9B02-7437C70D622E}.Release|iPhoneSimulator.Build.0 = Release|iPhoneSimulator
		{9B5D1DB5-3EDD-4D4E-9B02-7437C70D622E}.Release|iPhoneSimulator.Deploy.0 = Release|iPhoneSimulator
		{99840ED0-9F3E-4CF8-8CEC-82683D0781B7}.Ad-Hoc|Any CPU.ActiveCfg = Debug|Any CPU
		{99840ED0-9F3E-4CF8-8CEC-82683D0781B7}.Ad-Hoc|Any CPU.Build.0 = Debug|Any CPU
		{99840ED0-9F3E-4CF8-8CEC-82683D0781B7}.Ad-Hoc|Any CPU.Deploy.0 = Debug|Any CPU
		{99840ED0-9F3E-4CF8-8CEC-82683D0781B7}.Ad-Hoc|iPhone.ActiveCfg = Debug|Any CPU
		{99840ED0-9F3E-4CF8-8CEC-82683D0781B7}.Ad-Hoc|iPhone.Build.0 = Debug|Any CPU
		{99840ED0-9F3E-4CF8-8CEC-82683D0781B7}.Ad-Hoc|iPhone.Deploy.0 = Debug|Any CPU
		{99840ED0-9F3E-4CF8-8CEC-82683D0781B7}.Ad-Hoc|iPhoneSimulator.ActiveCfg = Debug|Any CPU
		{99840ED0-9F3E-4CF8-8CEC-82683D0781B7}.Ad-Hoc|iPhoneSimulator.Build.0 = Debug|Any CPU
		{99840ED0-9F3E-4CF8-8CEC-82683D0781B7}.Ad-Hoc|iPhoneSimulator.Deploy.0 = Debug|Any CPU
		{99840ED0-9F3E-4CF8-8CEC-82683D0781B7}.AppStore|Any CPU.ActiveCfg = Debug|Any CPU
		{99840ED0-9F3E-4CF8-8CEC-82683D0781B7}.AppStore|Any CPU.Build.0 = Debug|Any CPU
		{99840ED0-9F3E-4CF8-8CEC-82683D0781B7}.AppStore|Any CPU.Deploy.0 = Debug|Any CPU
		{99840ED0-9F3E-4CF8-8CEC-82683D0781B7}.AppStore|iPhone.ActiveCfg = Debug|Any CPU
		{99840ED0-9F3E-4CF8-8CEC-82683D0781B7}.AppStore|iPhone.Build.0 = Debug|Any CPU
		{99840ED0-9F3E-4CF8-8CEC-82683D0781B7}.AppStore|iPhone.Deploy.0 = Debug|Any CPU
		{99840ED0-9F3E-4CF8-8CEC-82683D0781B7}.AppStore|iPhoneSimulator.ActiveCfg = Debug|Any CPU
		{99840ED0-9F3E-4CF8-8CEC-82683D0781B7}.AppStore|iPhoneSimulator.Build.0 = Debug|Any CPU
		{99840ED0-9F3E-4CF8-8CEC-82683D0781B7}.AppStore|iPhoneSimulator.Deploy.0 = Debug|Any CPU
		{99840ED0-9F3E-4CF8-8CEC-82683D0781B7}.Debug|Any CPU.ActiveCfg = Debug|Any CPU
		{99840ED0-9F3E-4CF8-8CEC-82683D0781B7}.Debug|Any CPU.Build.0 = Debug|Any CPU
		{99840ED0-9F3E-4CF8-8CEC-82683D0781B7}.Debug|Any CPU.Deploy.0 = Debug|Any CPU
		{99840ED0-9F3E-4CF8-8CEC-82683D0781B7}.Debug|iPhone.ActiveCfg = Debug|Any CPU
		{99840ED0-9F3E-4CF8-8CEC-82683D0781B7}.Debug|iPhone.Build.0 = Debug|Any CPU
		{99840ED0-9F3E-4CF8-8CEC-82683D0781B7}.Debug|iPhone.Deploy.0 = Debug|Any CPU
		{99840ED0-9F3E-4CF8-8CEC-82683D0781B7}.Debug|iPhoneSimulator.ActiveCfg = Debug|Any CPU
		{99840ED0-9F3E-4CF8-8CEC-82683D0781B7}.Debug|iPhoneSimulator.Build.0 = Debug|Any CPU
		{99840ED0-9F3E-4CF8-8CEC-82683D0781B7}.Debug|iPhoneSimulator.Deploy.0 = Debug|Any CPU
		{99840ED0-9F3E-4CF8-8CEC-82683D0781B7}.Release|Any CPU.ActiveCfg = Release|Any CPU
		{99840ED0-9F3E-4CF8-8CEC-82683D0781B7}.Release|Any CPU.Build.0 = Release|Any CPU
		{99840ED0-9F3E-4CF8-8CEC-82683D0781B7}.Release|Any CPU.Deploy.0 = Release|Any CPU
		{99840ED0-9F3E-4CF8-8CEC-82683D0781B7}.Release|iPhone.ActiveCfg = Release|Any CPU
		{99840ED0-9F3E-4CF8-8CEC-82683D0781B7}.Release|iPhone.Build.0 = Release|Any CPU
		{99840ED0-9F3E-4CF8-8CEC-82683D0781B7}.Release|iPhone.Deploy.0 = Release|Any CPU
		{99840ED0-9F3E-4CF8-8CEC-82683D0781B7}.Release|iPhoneSimulator.ActiveCfg = Release|Any CPU
		{99840ED0-9F3E-4CF8-8CEC-82683D0781B7}.Release|iPhoneSimulator.Build.0 = Release|Any CPU
		{99840ED0-9F3E-4CF8-8CEC-82683D0781B7}.Release|iPhoneSimulator.Deploy.0 = Release|Any CPU
	EndGlobalSection
	GlobalSection(SolutionProperties) = preSolution
		HideSolutionNode = FALSE
	EndGlobalSection
	GlobalSection(ExtensibilityGlobals) = postSolution
		SolutionGuid = {CC8895CF-67D2-446F-B69A-B9418B0443F7}
	EndGlobalSection
EndGlobal
